
Microsoft Visual Studio Solution File, Format Version 12.00
# Visual Studio Version 16
VisualStudioVersion = 16.0.30320.27
MinimumVisualStudioVersion = 10.0.40219.1
Project("{8BC9CEB8-8B4A-11D0-8D11-00A0C91BC942}") = "16287", "16287\16287.vcxproj", "{A3020ED4-E1A1-4FD6-B13E-851FEC7941BE}"
EndProject
Global
	GlobalSection(SolutionConfigurationPlatforms) = preSolution
		Debug|x64 = Debug|x64
		Debug|x86 = Debug|x86
		Release|x64 = Release|x64
		Release|x86 = Release|x86
	EndGlobalSection
	GlobalSection(ProjectConfigurationPlatforms) = postSolution
		{A3020ED4-E1A1-4FD6-B13E-851FEC7941BE}.Debug|x64.ActiveCfg = Debug|x64
		{A3020ED4-E1A1-4FD6-B13E-851FEC7941BE}.Debug|x64.Build.0 = Debug|x64
		{A3020ED4-E1A1-4FD6-B13E-851FEC7941BE}.Debug|x86.ActiveCfg = Debug|Win32
		{A3020ED4-E1A1-4FD6-B13E-851FEC7941BE}.Debug|x86.Build.0 = Debug|Win32
		{A3020ED4-E1A1-4FD6-B13E-851FEC7941BE}.Release|x64.ActiveCfg = Release|x64
		{A3020ED4-E1A1-4FD6-B13E-851FEC7941BE}.Release|x64.Build.0 = Release|x64
		{A3020ED4-E1A1-4FD6-B13E-851FEC7941BE}.Release|x86.ActiveCfg = Release|Win32
		{A3020ED4-E1A1-4FD6-B13E-851FEC7941BE}.Release|x86.Build.0 = Release|Win32
	EndGlobalSection
	GlobalSection(SolutionProperties) = preSolution
		HideSolutionNode = FALSE
	EndGlobalSection
	GlobalSection(ExtensibilityGlobals) = postSolution
		SolutionGuid = {04F3ABD0-8353-4226-970D-F856AA2EDA0C}
	EndGlobalSection
EndGlobal
