
Microsoft Visual Studio Solution File, Format Version 12.00
# Visual Studio Version 16
VisualStudioVersion = 16.0.30320.27
MinimumVisualStudioVersion = 10.0.40219.1
Project("{8BC9CEB8-8B4A-11D0-8D11-00A0C91BC942}") = "1520", "1520\1520.vcxproj", "{3C78CE35-07D7-43B3-ACB1-610C9CE36AFB}"
EndProject
Global
	GlobalSection(SolutionConfigurationPlatforms) = preSolution
		Debug|x64 = Debug|x64
		Debug|x86 = Debug|x86
		Release|x64 = Release|x64
		Release|x86 = Release|x86
	EndGlobalSection
	GlobalSection(ProjectConfigurationPlatforms) = postSolution
		{3C78CE35-07D7-43B3-ACB1-610C9CE36AFB}.Debug|x64.ActiveCfg = Debug|x64
		{3C78CE35-07D7-43B3-ACB1-610C9CE36AFB}.Debug|x64.Build.0 = Debug|x64
		{3C78CE35-07D7-43B3-ACB1-610C9CE36AFB}.Debug|x86.ActiveCfg = Debug|Win32
		{3C78CE35-07D7-43B3-ACB1-610C9CE36AFB}.Debug|x86.Build.0 = Debug|Win32
		{3C78CE35-07D7-43B3-ACB1-610C9CE36AFB}.Release|x64.ActiveCfg = Release|x64
		{3C78CE35-07D7-43B3-ACB1-610C9CE36AFB}.Release|x64.Build.0 = Release|x64
		{3C78CE35-07D7-43B3-ACB1-610C9CE36AFB}.Release|x86.ActiveCfg = Release|Win32
		{3C78CE35-07D7-43B3-ACB1-610C9CE36AFB}.Release|x86.Build.0 = Release|Win32
	EndGlobalSection
	GlobalSection(SolutionProperties) = preSolution
		HideSolutionNode = FALSE
	EndGlobalSection
	GlobalSection(ExtensibilityGlobals) = postSolution
		SolutionGuid = {D3A2B8B4-0DD4-4B53-A8FC-CBCAA63582B0}
	EndGlobalSection
EndGlobal
