
Microsoft Visual Studio Solution File, Format Version 12.00
# Visual Studio Version 16
VisualStudioVersion = 16.0.30320.27
MinimumVisualStudioVersion = 10.0.40219.1
Project("{8BC9CEB8-8B4A-11D0-8D11-00A0C91BC942}") = "11570", "11570\11570.vcxproj", "{272DA86C-2424-49FD-BAF4-17065B22BCAB}"
EndProject
Global
	GlobalSection(SolutionConfigurationPlatforms) = preSolution
		Debug|x64 = Debug|x64
		Debug|x86 = Debug|x86
		Release|x64 = Release|x64
		Release|x86 = Release|x86
	EndGlobalSection
	GlobalSection(ProjectConfigurationPlatforms) = postSolution
		{272DA86C-2424-49FD-BAF4-17065B22BCAB}.Debug|x64.ActiveCfg = Debug|x64
		{272DA86C-2424-49FD-BAF4-17065B22BCAB}.Debug|x64.Build.0 = Debug|x64
		{272DA86C-2424-49FD-BAF4-17065B22BCAB}.Debug|x86.ActiveCfg = Debug|Win32
		{272DA86C-2424-49FD-BAF4-17065B22BCAB}.Debug|x86.Build.0 = Debug|Win32
		{272DA86C-2424-49FD-BAF4-17065B22BCAB}.Release|x64.ActiveCfg = Release|x64
		{272DA86C-2424-49FD-BAF4-17065B22BCAB}.Release|x64.Build.0 = Release|x64
		{272DA86C-2424-49FD-BAF4-17065B22BCAB}.Release|x86.ActiveCfg = Release|Win32
		{272DA86C-2424-49FD-BAF4-17065B22BCAB}.Release|x86.Build.0 = Release|Win32
	EndGlobalSection
	GlobalSection(SolutionProperties) = preSolution
		HideSolutionNode = FALSE
	EndGlobalSection
	GlobalSection(ExtensibilityGlobals) = postSolution
		SolutionGuid = {5BDD44AC-6A63-4D97-978B-41BBB87727DC}
	EndGlobalSection
EndGlobal
