
Microsoft Visual Studio Solution File, Format Version 12.00
# Visual Studio Version 16
VisualStudioVersion = 16.0.30320.27
MinimumVisualStudioVersion = 10.0.40219.1
Project("{8BC9CEB8-8B4A-11D0-8D11-00A0C91BC942}") = "2672", "2672\2672.vcxproj", "{87DB2E71-258F-4E45-9315-652D242A953A}"
EndProject
Global
	GlobalSection(SolutionConfigurationPlatforms) = preSolution
		Debug|x64 = Debug|x64
		Debug|x86 = Debug|x86
		Release|x64 = Release|x64
		Release|x86 = Release|x86
	EndGlobalSection
	GlobalSection(ProjectConfigurationPlatforms) = postSolution
		{87DB2E71-258F-4E45-9315-652D242A953A}.Debug|x64.ActiveCfg = Debug|x64
		{87DB2E71-258F-4E45-9315-652D242A953A}.Debug|x64.Build.0 = Debug|x64
		{87DB2E71-258F-4E45-9315-652D242A953A}.Debug|x86.ActiveCfg = Debug|Win32
		{87DB2E71-258F-4E45-9315-652D242A953A}.Debug|x86.Build.0 = Debug|Win32
		{87DB2E71-258F-4E45-9315-652D242A953A}.Release|x64.ActiveCfg = Release|x64
		{87DB2E71-258F-4E45-9315-652D242A953A}.Release|x64.Build.0 = Release|x64
		{87DB2E71-258F-4E45-9315-652D242A953A}.Release|x86.ActiveCfg = Release|Win32
		{87DB2E71-258F-4E45-9315-652D242A953A}.Release|x86.Build.0 = Release|Win32
	EndGlobalSection
	GlobalSection(SolutionProperties) = preSolution
		HideSolutionNode = FALSE
	EndGlobalSection
	GlobalSection(ExtensibilityGlobals) = postSolution
		SolutionGuid = {9172E91C-61CC-4C54-AB95-CCBA04FED4CE}
	EndGlobalSection
EndGlobal
