
Microsoft Visual Studio Solution File, Format Version 12.00
# Visual Studio Version 16
VisualStudioVersion = 16.0.30320.27
MinimumVisualStudioVersion = 10.0.40219.1
Project("{8BC9CEB8-8B4A-11D0-8D11-00A0C91BC942}") = "16973", "16973\16973.vcxproj", "{6B571143-A49C-4B76-BF45-BAA09874E1A9}"
EndProject
Global
	GlobalSection(SolutionConfigurationPlatforms) = preSolution
		Debug|x64 = Debug|x64
		Debug|x86 = Debug|x86
		Release|x64 = Release|x64
		Release|x86 = Release|x86
	EndGlobalSection
	GlobalSection(ProjectConfigurationPlatforms) = postSolution
		{6B571143-A49C-4B76-BF45-BAA09874E1A9}.Debug|x64.ActiveCfg = Debug|x64
		{6B571143-A49C-4B76-BF45-BAA09874E1A9}.Debug|x64.Build.0 = Debug|x64
		{6B571143-A49C-4B76-BF45-BAA09874E1A9}.Debug|x86.ActiveCfg = Debug|Win32
		{6B571143-A49C-4B76-BF45-BAA09874E1A9}.Debug|x86.Build.0 = Debug|Win32
		{6B571143-A49C-4B76-BF45-BAA09874E1A9}.Release|x64.ActiveCfg = Release|x64
		{6B571143-A49C-4B76-BF45-BAA09874E1A9}.Release|x64.Build.0 = Release|x64
		{6B571143-A49C-4B76-BF45-BAA09874E1A9}.Release|x86.ActiveCfg = Release|Win32
		{6B571143-A49C-4B76-BF45-BAA09874E1A9}.Release|x86.Build.0 = Release|Win32
	EndGlobalSection
	GlobalSection(SolutionProperties) = preSolution
		HideSolutionNode = FALSE
	EndGlobalSection
	GlobalSection(ExtensibilityGlobals) = postSolution
		SolutionGuid = {DAD08C87-02D5-4A92-8ED8-41675A9B43E8}
	EndGlobalSection
EndGlobal
