
Microsoft Visual Studio Solution File, Format Version 12.00
# Visual Studio Version 16
VisualStudioVersion = 16.0.30320.27
MinimumVisualStudioVersion = 10.0.40219.1
Project("{8BC9CEB8-8B4A-11D0-8D11-00A0C91BC942}") = "11437", "11437\11437.vcxproj", "{6689BE7F-A97A-4F9D-8C67-A69DBD56F3FE}"
EndProject
Global
	GlobalSection(SolutionConfigurationPlatforms) = preSolution
		Debug|x64 = Debug|x64
		Debug|x86 = Debug|x86
		Release|x64 = Release|x64
		Release|x86 = Release|x86
	EndGlobalSection
	GlobalSection(ProjectConfigurationPlatforms) = postSolution
		{6689BE7F-A97A-4F9D-8C67-A69DBD56F3FE}.Debug|x64.ActiveCfg = Debug|x64
		{6689BE7F-A97A-4F9D-8C67-A69DBD56F3FE}.Debug|x64.Build.0 = Debug|x64
		{6689BE7F-A97A-4F9D-8C67-A69DBD56F3FE}.Debug|x86.ActiveCfg = Debug|Win32
		{6689BE7F-A97A-4F9D-8C67-A69DBD56F3FE}.Debug|x86.Build.0 = Debug|Win32
		{6689BE7F-A97A-4F9D-8C67-A69DBD56F3FE}.Release|x64.ActiveCfg = Release|x64
		{6689BE7F-A97A-4F9D-8C67-A69DBD56F3FE}.Release|x64.Build.0 = Release|x64
		{6689BE7F-A97A-4F9D-8C67-A69DBD56F3FE}.Release|x86.ActiveCfg = Release|Win32
		{6689BE7F-A97A-4F9D-8C67-A69DBD56F3FE}.Release|x86.Build.0 = Release|Win32
	EndGlobalSection
	GlobalSection(SolutionProperties) = preSolution
		HideSolutionNode = FALSE
	EndGlobalSection
	GlobalSection(ExtensibilityGlobals) = postSolution
		SolutionGuid = {B3657E86-BE56-47C6-8E9F-9E913DC3DA50}
	EndGlobalSection
EndGlobal
