
Microsoft Visual Studio Solution File, Format Version 12.00
# Visual Studio Version 16
VisualStudioVersion = 16.0.30320.27
MinimumVisualStudioVersion = 10.0.40219.1
Project("{8BC9CEB8-8B4A-11D0-8D11-00A0C91BC942}") = "11689", "11689\11689.vcxproj", "{45EA4C0D-858E-4254-9553-0E5572244152}"
EndProject
Global
	GlobalSection(SolutionConfigurationPlatforms) = preSolution
		Debug|x64 = Debug|x64
		Debug|x86 = Debug|x86
		Release|x64 = Release|x64
		Release|x86 = Release|x86
	EndGlobalSection
	GlobalSection(ProjectConfigurationPlatforms) = postSolution
		{45EA4C0D-858E-4254-9553-0E5572244152}.Debug|x64.ActiveCfg = Debug|x64
		{45EA4C0D-858E-4254-9553-0E5572244152}.Debug|x64.Build.0 = Debug|x64
		{45EA4C0D-858E-4254-9553-0E5572244152}.Debug|x86.ActiveCfg = Debug|Win32
		{45EA4C0D-858E-4254-9553-0E5572244152}.Debug|x86.Build.0 = Debug|Win32
		{45EA4C0D-858E-4254-9553-0E5572244152}.Release|x64.ActiveCfg = Release|x64
		{45EA4C0D-858E-4254-9553-0E5572244152}.Release|x64.Build.0 = Release|x64
		{45EA4C0D-858E-4254-9553-0E5572244152}.Release|x86.ActiveCfg = Release|Win32
		{45EA4C0D-858E-4254-9553-0E5572244152}.Release|x86.Build.0 = Release|Win32
	EndGlobalSection
	GlobalSection(SolutionProperties) = preSolution
		HideSolutionNode = FALSE
	EndGlobalSection
	GlobalSection(ExtensibilityGlobals) = postSolution
		SolutionGuid = {654AF62D-8530-4B30-BC92-142130DAFD57}
	EndGlobalSection
EndGlobal
