
Microsoft Visual Studio Solution File, Format Version 12.00
# Visual Studio Version 16
VisualStudioVersion = 16.0.30320.27
MinimumVisualStudioVersion = 10.0.40219.1
Project("{8BC9CEB8-8B4A-11D0-8D11-00A0C91BC942}") = "1038", "1038\1038.vcxproj", "{235AAD9D-CD45-499B-B281-3D87A50D2378}"
EndProject
Global
	GlobalSection(SolutionConfigurationPlatforms) = preSolution
		Debug|x64 = Debug|x64
		Debug|x86 = Debug|x86
		Release|x64 = Release|x64
		Release|x86 = Release|x86
	EndGlobalSection
	GlobalSection(ProjectConfigurationPlatforms) = postSolution
		{235AAD9D-CD45-499B-B281-3D87A50D2378}.Debug|x64.ActiveCfg = Debug|x64
		{235AAD9D-CD45-499B-B281-3D87A50D2378}.Debug|x64.Build.0 = Debug|x64
		{235AAD9D-CD45-499B-B281-3D87A50D2378}.Debug|x86.ActiveCfg = Debug|Win32
		{235AAD9D-CD45-499B-B281-3D87A50D2378}.Debug|x86.Build.0 = Debug|Win32
		{235AAD9D-CD45-499B-B281-3D87A50D2378}.Release|x64.ActiveCfg = Release|x64
		{235AAD9D-CD45-499B-B281-3D87A50D2378}.Release|x64.Build.0 = Release|x64
		{235AAD9D-CD45-499B-B281-3D87A50D2378}.Release|x86.ActiveCfg = Release|Win32
		{235AAD9D-CD45-499B-B281-3D87A50D2378}.Release|x86.Build.0 = Release|Win32
	EndGlobalSection
	GlobalSection(SolutionProperties) = preSolution
		HideSolutionNode = FALSE
	EndGlobalSection
	GlobalSection(ExtensibilityGlobals) = postSolution
		SolutionGuid = {2244E7E2-9D48-4CE4-B549-26CD583D799D}
	EndGlobalSection
EndGlobal
