
Microsoft Visual Studio Solution File, Format Version 12.00
# Visual Studio Version 16
VisualStudioVersion = 16.0.30320.27
MinimumVisualStudioVersion = 10.0.40219.1
Project("{8BC9CEB8-8B4A-11D0-8D11-00A0C91BC942}") = "1344", "1344\1344.vcxproj", "{FA17EB20-5E87-4A9C-B1EE-151CA380068D}"
EndProject
Global
	GlobalSection(SolutionConfigurationPlatforms) = preSolution
		Debug|x64 = Debug|x64
		Debug|x86 = Debug|x86
		Release|x64 = Release|x64
		Release|x86 = Release|x86
	EndGlobalSection
	GlobalSection(ProjectConfigurationPlatforms) = postSolution
		{FA17EB20-5E87-4A9C-B1EE-151CA380068D}.Debug|x64.ActiveCfg = Debug|x64
		{FA17EB20-5E87-4A9C-B1EE-151CA380068D}.Debug|x64.Build.0 = Debug|x64
		{FA17EB20-5E87-4A9C-B1EE-151CA380068D}.Debug|x86.ActiveCfg = Debug|Win32
		{FA17EB20-5E87-4A9C-B1EE-151CA380068D}.Debug|x86.Build.0 = Debug|Win32
		{FA17EB20-5E87-4A9C-B1EE-151CA380068D}.Release|x64.ActiveCfg = Release|x64
		{FA17EB20-5E87-4A9C-B1EE-151CA380068D}.Release|x64.Build.0 = Release|x64
		{FA17EB20-5E87-4A9C-B1EE-151CA380068D}.Release|x86.ActiveCfg = Release|Win32
		{FA17EB20-5E87-4A9C-B1EE-151CA380068D}.Release|x86.Build.0 = Release|Win32
	EndGlobalSection
	GlobalSection(SolutionProperties) = preSolution
		HideSolutionNode = FALSE
	EndGlobalSection
	GlobalSection(ExtensibilityGlobals) = postSolution
		SolutionGuid = {F1131630-1A27-4986-861F-4CCACC809D01}
	EndGlobalSection
EndGlobal
